// !$*UTF8*$!
{
	archiveVersion = 1;
	classes = {
	};
	objectVersion = 56;
	objects = {

/* Begin PBXBuildFile section */
		865106022B0F877E0011B4A1 /* GymPulseApp.swift in Sources */ = {isa = PBXBuildFile; fileRef = 865106012B0F877E0011B4A1 /* GymPulseApp.swift */; };
		865106042B0F877E0011B4A1 /* ContentView.swift in Sources */ = {isa = PBXBuildFile; fileRef = 865106032B0F877E0011B4A1 /* ContentView.swift */; };
		865106062B0F87810011B4A1 /* Assets.xcassets in Resources */ = {isa = PBXBuildFile; fileRef = 865106052B0F87810011B4A1 /* Assets.xcassets */; };
		865106092B0F87810011B4A1 /* Preview Assets.xcassets in Resources */ = {isa = PBXBuildFile; fileRef = 865106082B0F87810011B4A1 /* Preview Assets.xcassets */; };
		865106102B0F884A0011B4A1 /* LoginView.swift in Sources */ = {isa = PBXBuildFile; fileRef = 8651060F2B0F884A0011B4A1 /* LoginView.swift */; };
		865106122B0F88760011B4A1 /* Assets+Enum.swift in Sources */ = {isa = PBXBuildFile; fileRef = 865106112B0F88760011B4A1 /* Assets+Enum.swift */; };
		865106142B0F8B6D0011B4A1 /* GoogleService-Info-2.plist in Resources */ = {isa = PBXBuildFile; fileRef = 865106132B0F8B6D0011B4A1 /* GoogleService-Info-2.plist */; };
		865106172B0F8B750011B4A1 /* FirebaseAnalytics in Frameworks */ = {isa = PBXBuildFile; productRef = 865106162B0F8B750011B4A1 /* FirebaseAnalytics */; };
		865106192B0F8B750011B4A1 /* FirebaseAnalyticsOnDeviceConversion in Frameworks */ = {isa = PBXBuildFile; productRef = 865106182B0F8B750011B4A1 /* FirebaseAnalyticsOnDeviceConversion */; };
		8651061B2B0F8B750011B4A1 /* FirebaseAnalyticsSwift in Frameworks */ = {isa = PBXBuildFile; productRef = 8651061A2B0F8B750011B4A1 /* FirebaseAnalyticsSwift */; };
		8651061D2B0F8B750011B4A1 /* FirebaseAnalyticsWithoutAdIdSupport in Frameworks */ = {isa = PBXBuildFile; productRef = 8651061C2B0F8B750011B4A1 /* FirebaseAnalyticsWithoutAdIdSupport */; };
		8651061F2B0F8B750011B4A1 /* FirebaseAppCheck in Frameworks */ = {isa = PBXBuildFile; productRef = 8651061E2B0F8B750011B4A1 /* FirebaseAppCheck */; };
		865106212B0F8B830011B4A1 /* AppDelegate.swift in Sources */ = {isa = PBXBuildFile; fileRef = 865106202B0F8B830011B4A1 /* AppDelegate.swift */; };
		865106232B0F8BD10011B4A1 /* FirebaseAnalytics in Frameworks */ = {isa = PBXBuildFile; productRef = 865106222B0F8BD10011B4A1 /* FirebaseAnalytics */; };
		865106252B0F8BD10011B4A1 /* FirebaseAnalyticsOnDeviceConversion in Frameworks */ = {isa = PBXBuildFile; productRef = 865106242B0F8BD10011B4A1 /* FirebaseAnalyticsOnDeviceConversion */; };
		865106272B0F8BD10011B4A1 /* FirebaseAnalyticsSwift in Frameworks */ = {isa = PBXBuildFile; productRef = 865106262B0F8BD10011B4A1 /* FirebaseAnalyticsSwift */; };
		865106292B0F8BD10011B4A1 /* FirebaseAnalyticsWithoutAdIdSupport in Frameworks */ = {isa = PBXBuildFile; productRef = 865106282B0F8BD10011B4A1 /* FirebaseAnalyticsWithoutAdIdSupport */; };
		8651062B2B0F8BD10011B4A1 /* FirebaseAppCheck in Frameworks */ = {isa = PBXBuildFile; productRef = 8651062A2B0F8BD10011B4A1 /* FirebaseAppCheck */; };
		8651062D2B0F8BD10011B4A1 /* FirebaseAppDistribution-Beta in Frameworks */ = {isa = PBXBuildFile; productRef = 8651062C2B0F8BD10011B4A1 /* FirebaseAppDistribution-Beta */; };
		8651062F2B0F8BD10011B4A1 /* FirebaseAuth in Frameworks */ = {isa = PBXBuildFile; productRef = 8651062E2B0F8BD10011B4A1 /* FirebaseAuth */; };
		865106312B0F8BD10011B4A1 /* FirebaseAuthCombine-Community in Frameworks */ = {isa = PBXBuildFile; productRef = 865106302B0F8BD10011B4A1 /* FirebaseAuthCombine-Community */; };
		865106332B0F8BD10011B4A1 /* FirebaseCrashlytics in Frameworks */ = {isa = PBXBuildFile; productRef = 865106322B0F8BD10011B4A1 /* FirebaseCrashlytics */; };
		865106352B0F8BD10011B4A1 /* FirebaseDatabase in Frameworks */ = {isa = PBXBuildFile; productRef = 865106342B0F8BD10011B4A1 /* FirebaseDatabase */; };
		865106372B0F8BD10011B4A1 /* FirebaseDatabaseSwift in Frameworks */ = {isa = PBXBuildFile; productRef = 865106362B0F8BD10011B4A1 /* FirebaseDatabaseSwift */; };
		865106392B0F8BD10011B4A1 /* FirebaseDynamicLinks in Frameworks */ = {isa = PBXBuildFile; productRef = 865106382B0F8BD10011B4A1 /* FirebaseDynamicLinks */; };
		8651063B2B0F8BD10011B4A1 /* FirebaseFirestore in Frameworks */ = {isa = PBXBuildFile; productRef = 8651063A2B0F8BD10011B4A1 /* FirebaseFirestore */; };
		8651063D2B0F8BD10011B4A1 /* FirebaseFirestoreCombine-Community in Frameworks */ = {isa = PBXBuildFile; productRef = 8651063C2B0F8BD10011B4A1 /* FirebaseFirestoreCombine-Community */; };
		8651063F2B0F8BD10011B4A1 /* FirebaseFirestoreSwift in Frameworks */ = {isa = PBXBuildFile; productRef = 8651063E2B0F8BD10011B4A1 /* FirebaseFirestoreSwift */; };
		865106412B0F8BD10011B4A1 /* FirebaseFunctions in Frameworks */ = {isa = PBXBuildFile; productRef = 865106402B0F8BD10011B4A1 /* FirebaseFunctions */; };
		865106432B0F8BD10011B4A1 /* FirebaseFunctionsCombine-Community in Frameworks */ = {isa = PBXBuildFile; productRef = 865106422B0F8BD10011B4A1 /* FirebaseFunctionsCombine-Community */; };
		865106452B0F8BD10011B4A1 /* FirebaseInAppMessaging-Beta in Frameworks */ = {isa = PBXBuildFile; productRef = 865106442B0F8BD10011B4A1 /* FirebaseInAppMessaging-Beta */; };
		865106472B0F8BD10011B4A1 /* FirebaseInAppMessagingSwift-Beta in Frameworks */ = {isa = PBXBuildFile; productRef = 865106462B0F8BD10011B4A1 /* FirebaseInAppMessagingSwift-Beta */; };
		865106492B0F8BD10011B4A1 /* FirebaseInstallations in Frameworks */ = {isa = PBXBuildFile; productRef = 865106482B0F8BD10011B4A1 /* FirebaseInstallations */; };
		8651064B2B0F8BD10011B4A1 /* FirebaseMLModelDownloader in Frameworks */ = {isa = PBXBuildFile; productRef = 8651064A2B0F8BD10011B4A1 /* FirebaseMLModelDownloader */; };
		8651064D2B0F8BD10011B4A1 /* FirebaseMessaging in Frameworks */ = {isa = PBXBuildFile; productRef = 8651064C2B0F8BD10011B4A1 /* FirebaseMessaging */; };
		8651064F2B0F8BD10011B4A1 /* FirebasePerformance in Frameworks */ = {isa = PBXBuildFile; productRef = 8651064E2B0F8BD10011B4A1 /* FirebasePerformance */; };
		865106512B0F8BD10011B4A1 /* FirebaseRemoteConfig in Frameworks */ = {isa = PBXBuildFile; productRef = 865106502B0F8BD10011B4A1 /* FirebaseRemoteConfig */; };
		865106532B0F8BD10011B4A1 /* FirebaseRemoteConfigSwift in Frameworks */ = {isa = PBXBuildFile; productRef = 865106522B0F8BD10011B4A1 /* FirebaseRemoteConfigSwift */; };
		865106552B0F8BD10011B4A1 /* FirebaseStorage in Frameworks */ = {isa = PBXBuildFile; productRef = 865106542B0F8BD10011B4A1 /* FirebaseStorage */; };
		865106572B0F8BD10011B4A1 /* FirebaseStorageCombine-Community in Frameworks */ = {isa = PBXBuildFile; productRef = 865106562B0F8BD10011B4A1 /* FirebaseStorageCombine-Community */; };
/* End PBXBuildFile section */

/* Begin PBXFileReference section */
		865105FE2B0F877E0011B4A1 /* GymPulse.app */ = {isa = PBXFileReference; explicitFileType = wrapper.application; includeInIndex = 0; path = GymPulse.app; sourceTree = BUILT_PRODUCTS_DIR; };
		865106012B0F877E0011B4A1 /* GymPulseApp.swift */ = {isa = PBXFileReference; lastKnownFileType = sourcecode.swift; path = GymPulseApp.swift; sourceTree = "<group>"; };
		865106032B0F877E0011B4A1 /* ContentView.swift */ = {isa = PBXFileReference; lastKnownFileType = sourcecode.swift; path = ContentView.swift; sourceTree = "<group>"; };
		865106052B0F87810011B4A1 /* Assets.xcassets */ = {isa = PBXFileReference; lastKnownFileType = folder.assetcatalog; path = Assets.xcassets; sourceTree = "<group>"; };
		865106082B0F87810011B4A1 /* Preview Assets.xcassets */ = {isa = PBXFileReference; lastKnownFileType = folder.assetcatalog; path = "Preview Assets.xcassets"; sourceTree = "<group>"; };
		8651060F2B0F884A0011B4A1 /* LoginView.swift */ = {isa = PBXFileReference; lastKnownFileType = sourcecode.swift; path = LoginView.swift; sourceTree = "<group>"; };
		865106112B0F88760011B4A1 /* Assets+Enum.swift */ = {isa = PBXFileReference; lastKnownFileType = sourcecode.swift; path = "Assets+Enum.swift"; sourceTree = "<group>"; };
		865106132B0F8B6D0011B4A1 /* GoogleService-Info-2.plist */ = {isa = PBXFileReference; fileEncoding = 4; lastKnownFileType = text.plist.xml; path = "GoogleService-Info-2.plist"; sourceTree = "<group>"; };
		865106202B0F8B830011B4A1 /* AppDelegate.swift */ = {isa = PBXFileReference; lastKnownFileType = sourcecode.swift; path = AppDelegate.swift; sourceTree = "<group>"; };
/* End PBXFileReference section */

/* Begin PBXFrameworksBuildPhase section */
		865105FB2B0F877E0011B4A1 /* Frameworks */ = {
			isa = PBXFrameworksBuildPhase;
			buildActionMask = 2147483647;
			files = (
				8651064D2B0F8BD10011B4A1 /* FirebaseMessaging in Frameworks */,
				8651063D2B0F8BD10011B4A1 /* FirebaseFirestoreCombine-Community in Frameworks */,
				865106352B0F8BD10011B4A1 /* FirebaseDatabase in Frameworks */,
				8651061B2B0F8B750011B4A1 /* FirebaseAnalyticsSwift in Frameworks */,
				865106552B0F8BD10011B4A1 /* FirebaseStorage in Frameworks */,
				865106172B0F8B750011B4A1 /* FirebaseAnalytics in Frameworks */,
				865106232B0F8BD10011B4A1 /* FirebaseAnalytics in Frameworks */,
				865106332B0F8BD10011B4A1 /* FirebaseCrashlytics in Frameworks */,
				8651063B2B0F8BD10011B4A1 /* FirebaseFirestore in Frameworks */,
				865106392B0F8BD10011B4A1 /* FirebaseDynamicLinks in Frameworks */,
				865106572B0F8BD10011B4A1 /* FirebaseStorageCombine-Community in Frameworks */,
				865106252B0F8BD10011B4A1 /* FirebaseAnalyticsOnDeviceConversion in Frameworks */,
				865106432B0F8BD10011B4A1 /* FirebaseFunctionsCombine-Community in Frameworks */,
				865106472B0F8BD10011B4A1 /* FirebaseInAppMessagingSwift-Beta in Frameworks */,
				8651064B2B0F8BD10011B4A1 /* FirebaseMLModelDownloader in Frameworks */,
				865106452B0F8BD10011B4A1 /* FirebaseInAppMessaging-Beta in Frameworks */,
				8651064F2B0F8BD10011B4A1 /* FirebasePerformance in Frameworks */,
				865106312B0F8BD10011B4A1 /* FirebaseAuthCombine-Community in Frameworks */,
				865106272B0F8BD10011B4A1 /* FirebaseAnalyticsSwift in Frameworks */,
				865106372B0F8BD10011B4A1 /* FirebaseDatabaseSwift in Frameworks */,
				865106192B0F8B750011B4A1 /* FirebaseAnalyticsOnDeviceConversion in Frameworks */,
				865106512B0F8BD10011B4A1 /* FirebaseRemoteConfig in Frameworks */,
				8651061F2B0F8B750011B4A1 /* FirebaseAppCheck in Frameworks */,
				8651062F2B0F8BD10011B4A1 /* FirebaseAuth in Frameworks */,
				865106412B0F8BD10011B4A1 /* FirebaseFunctions in Frameworks */,
				865106492B0F8BD10011B4A1 /* FirebaseInstallations in Frameworks */,
				8651063F2B0F8BD10011B4A1 /* FirebaseFirestoreSwift in Frameworks */,
				865106292B0F8BD10011B4A1 /* FirebaseAnalyticsWithoutAdIdSupport in Frameworks */,
				8651062B2B0F8BD10011B4A1 /* FirebaseAppCheck in Frameworks */,
				865106532B0F8BD10011B4A1 /* FirebaseRemoteConfigSwift in Frameworks */,
				8651062D2B0F8BD10011B4A1 /* FirebaseAppDistribution-Beta in Frameworks */,
				8651061D2B0F8B750011B4A1 /* FirebaseAnalyticsWithoutAdIdSupport in Frameworks */,
			);
			runOnlyForDeploymentPostprocessing = 0;
		};
/* End PBXFrameworksBuildPhase section */

/* Begin PBXGroup section */
		865105F52B0F877E0011B4A1 = {
			isa = PBXGroup;
			children = (
				865106002B0F877E0011B4A1 /* GymPulse */,
				865105FF2B0F877E0011B4A1 /* Products */,
			);
			sourceTree = "<group>";
		};
		865105FF2B0F877E0011B4A1 /* Products */ = {
			isa = PBXGroup;
			children = (
				865105FE2B0F877E0011B4A1 /* GymPulse.app */,
			);
			name = Products;
			sourceTree = "<group>";
		};
		865106002B0F877E0011B4A1 /* GymPulse */ = {
			isa = PBXGroup;
			children = (
				865106012B0F877E0011B4A1 /* GymPulseApp.swift */,
				865106202B0F8B830011B4A1 /* AppDelegate.swift */,
				8651060F2B0F884A0011B4A1 /* LoginView.swift */,
				865106032B0F877E0011B4A1 /* ContentView.swift */,
				865106112B0F88760011B4A1 /* Assets+Enum.swift */,
				865106052B0F87810011B4A1 /* Assets.xcassets */,
				865106132B0F8B6D0011B4A1 /* GoogleService-Info-2.plist */,
				865106072B0F87810011B4A1 /* Preview Content */,
			);
			path = GymPulse;
			sourceTree = "<group>";
		};
		865106072B0F87810011B4A1 /* Preview Content */ = {
			isa = PBXGroup;
			children = (
				865106082B0F87810011B4A1 /* Preview Assets.xcassets */,
			);
			path = "Preview Content";
			sourceTree = "<group>";
		};
/* End PBXGroup section */

/* Begin PBXNativeTarget section */
		865105FD2B0F877E0011B4A1 /* GymPulse */ = {
			isa = PBXNativeTarget;
			buildConfigurationList = 8651060C2B0F87810011B4A1 /* Build configuration list for PBXNativeTarget "GymPulse" */;
			buildPhases = (
				865105FA2B0F877E0011B4A1 /* Sources */,
				865105FB2B0F877E0011B4A1 /* Frameworks */,
				865105FC2B0F877E0011B4A1 /* Resources */,
			);
			buildRules = (
			);
			dependencies = (
			);
			name = GymPulse;
			packageProductDependencies = (
				865106162B0F8B750011B4A1 /* FirebaseAnalytics */,
				865106182B0F8B750011B4A1 /* FirebaseAnalyticsOnDeviceConversion */,
				8651061A2B0F8B750011B4A1 /* FirebaseAnalyticsSwift */,
				8651061C2B0F8B750011B4A1 /* FirebaseAnalyticsWithoutAdIdSupport */,
				8651061E2B0F8B750011B4A1 /* FirebaseAppCheck */,
				865106222B0F8BD10011B4A1 /* FirebaseAnalytics */,
				865106242B0F8BD10011B4A1 /* FirebaseAnalyticsOnDeviceConversion */,
				865106262B0F8BD10011B4A1 /* FirebaseAnalyticsSwift */,
				865106282B0F8BD10011B4A1 /* FirebaseAnalyticsWithoutAdIdSupport */,
				8651062A2B0F8BD10011B4A1 /* FirebaseAppCheck */,
				8651062C2B0F8BD10011B4A1 /* FirebaseAppDistribution-Beta */,
				8651062E2B0F8BD10011B4A1 /* FirebaseAuth */,
				865106302B0F8BD10011B4A1 /* FirebaseAuthCombine-Community */,
				865106322B0F8BD10011B4A1 /* FirebaseCrashlytics */,
				865106342B0F8BD10011B4A1 /* FirebaseDatabase */,
				865106362B0F8BD10011B4A1 /* FirebaseDatabaseSwift */,
				865106382B0F8BD10011B4A1 /* FirebaseDynamicLinks */,
				8651063A2B0F8BD10011B4A1 /* FirebaseFirestore */,
				8651063C2B0F8BD10011B4A1 /* FirebaseFirestoreCombine-Community */,
				8651063E2B0F8BD10011B4A1 /* FirebaseFirestoreSwift */,
				865106402B0F8BD10011B4A1 /* FirebaseFunctions */,
				865106422B0F8BD10011B4A1 /* FirebaseFunctionsCombine-Community */,
				865106442B0F8BD10011B4A1 /* FirebaseInAppMessaging-Beta */,
				865106462B0F8BD10011B4A1 /* FirebaseInAppMessagingSwift-Beta */,
				865106482B0F8BD10011B4A1 /* FirebaseInstallations */,
				8651064A2B0F8BD10011B4A1 /* FirebaseMLModelDownloader */,
				8651064C2B0F8BD10011B4A1 /* FirebaseMessaging */,
				8651064E2B0F8BD10011B4A1 /* FirebasePerformance */,
				865106502B0F8BD10011B4A1 /* FirebaseRemoteConfig */,
				865106522B0F8BD10011B4A1 /* FirebaseRemoteConfigSwift */,
				865106542B0F8BD10011B4A1 /* FirebaseStorage */,
				865106562B0F8BD10011B4A1 /* FirebaseStorageCombine-Community */,
			);
			productName = GymPulse;
			productReference = 865105FE2B0F877E0011B4A1 /* GymPulse.app */;
			productType = "com.apple.product-type.application";
		};
/* End PBXNativeTarget section */

/* Begin PBXProject section */
		865105F62B0F877E0011B4A1 /* Project object */ = {
			isa = PBXProject;
			attributes = {
				BuildIndependentTargetsInParallel = 1;
				LastSwiftUpdateCheck = 1500;
				LastUpgradeCheck = 1500;
				TargetAttributes = {
					865105FD2B0F877E0011B4A1 = {
						CreatedOnToolsVersion = 15.0.1;
					};
				};
			};
			buildConfigurationList = 865105F92B0F877E0011B4A1 /* Build configuration list for PBXProject "GymPulse" */;
			compatibilityVersion = "Xcode 14.0";
			developmentRegion = en;
			hasScannedForEncodings = 0;
			knownRegions = (
				en,
				Base,
			);
			mainGroup = 865105F52B0F877E0011B4A1;
			packageReferences = (
				865106152B0F8B750011B4A1 /* XCRemoteSwiftPackageReference "firebase-ios-sdk" */,
			);
			productRefGroup = 865105FF2B0F877E0011B4A1 /* Products */;
			projectDirPath = "";
			projectRoot = "";
			targets = (
				865105FD2B0F877E0011B4A1 /* GymPulse */,
			);
		};
/* End PBXProject section */

/* Begin PBXResourcesBuildPhase section */
		865105FC2B0F877E0011B4A1 /* Resources */ = {
			isa = PBXResourcesBuildPhase;
			buildActionMask = 2147483647;
			files = (
				865106092B0F87810011B4A1 /* Preview Assets.xcassets in Resources */,
				865106062B0F87810011B4A1 /* Assets.xcassets in Resources */,
				865106142B0F8B6D0011B4A1 /* GoogleService-Info-2.plist in Resources */,
			);
			runOnlyForDeploymentPostprocessing = 0;
		};
/* End PBXResourcesBuildPhase section */

/* Begin PBXSourcesBuildPhase section */
		865105FA2B0F877E0011B4A1 /* Sources */ = {
			isa = PBXSourcesBuildPhase;
			buildActionMask = 2147483647;
			files = (
				865106102B0F884A0011B4A1 /* LoginView.swift in Sources */,
				865106042B0F877E0011B4A1 /* ContentView.swift in Sources */,
				865106022B0F877E0011B4A1 /* GymPulseApp.swift in Sources */,
				865106212B0F8B830011B4A1 /* AppDelegate.swift in Sources */,
				865106122B0F88760011B4A1 /* Assets+Enum.swift in Sources */,
			);
			runOnlyForDeploymentPostprocessing = 0;
		};
/* End PBXSourcesBuildPhase section */

/* Begin XCBuildConfiguration section */
		8651060A2B0F87810011B4A1 /* Debug */ = {
			isa = XCBuildConfiguration;
			buildSettings = {
				ALWAYS_SEARCH_USER_PATHS = NO;
				ASSETCATALOG_COMPILER_GENERATE_SWIFT_ASSET_SYMBOL_EXTENSIONS = YES;
				CLANG_ANALYZER_NONNULL = YES;
				CLANG_ANALYZER_NUMBER_OBJECT_CONVERSION = YES_AGGRESSIVE;
				CLANG_CXX_LANGUAGE_STANDARD = "gnu++20";
				CLANG_ENABLE_MODULES = YES;
				CLANG_ENABLE_OBJC_ARC = YES;
				CLANG_ENABLE_OBJC_WEAK = YES;
				CLANG_WARN_BLOCK_CAPTURE_AUTORELEASING = YES;
				CLANG_WARN_BOOL_CONVERSION = YES;
				CLANG_WARN_COMMA = YES;
				CLANG_WARN_CONSTANT_CONVERSION = YES;
				CLANG_WARN_DEPRECATED_OBJC_IMPLEMENTATIONS = YES;
				CLANG_WARN_DIRECT_OBJC_ISA_USAGE = YES_ERROR;
				CLANG_WARN_DOCUMENTATION_COMMENTS = YES;
				CLANG_WARN_EMPTY_BODY = YES;
				CLANG_WARN_ENUM_CONVERSION = YES;
				CLANG_WARN_INFINITE_RECURSION = YES;
				CLANG_WARN_INT_CONVERSION = YES;
				CLANG_WARN_NON_LITERAL_NULL_CONVERSION = YES;
				CLANG_WARN_OBJC_IMPLICIT_RETAIN_SELF = YES;
				CLANG_WARN_OBJC_LITERAL_CONVERSION = YES;
				CLANG_WARN_OBJC_ROOT_CLASS = YES_ERROR;
				CLANG_WARN_QUOTED_INCLUDE_IN_FRAMEWORK_HEADER = YES;
				CLANG_WARN_RANGE_LOOP_ANALYSIS = YES;
				CLANG_WARN_STRICT_PROTOTYPES = YES;
				CLANG_WARN_SUSPICIOUS_MOVE = YES;
				CLANG_WARN_UNGUARDED_AVAILABILITY = YES_AGGRESSIVE;
				CLANG_WARN_UNREACHABLE_CODE = YES;
				CLANG_WARN__DUPLICATE_METHOD_MATCH = YES;
				COPY_PHASE_STRIP = NO;
				DEBUG_INFORMATION_FORMAT = dwarf;
				ENABLE_STRICT_OBJC_MSGSEND = YES;
				ENABLE_TESTABILITY = YES;
				ENABLE_USER_SCRIPT_SANDBOXING = YES;
				GCC_C_LANGUAGE_STANDARD = gnu17;
				GCC_DYNAMIC_NO_PIC = NO;
				GCC_NO_COMMON_BLOCKS = YES;
				GCC_OPTIMIZATION_LEVEL = 0;
				GCC_PREPROCESSOR_DEFINITIONS = (
					"DEBUG=1",
					"$(inherited)",
				);
				GCC_WARN_64_TO_32_BIT_CONVERSION = YES;
				GCC_WARN_ABOUT_RETURN_TYPE = YES_ERROR;
				GCC_WARN_UNDECLARED_SELECTOR = YES;
				GCC_WARN_UNINITIALIZED_AUTOS = YES_AGGRESSIVE;
				GCC_WARN_UNUSED_FUNCTION = YES;
				GCC_WARN_UNUSED_VARIABLE = YES;
				IPHONEOS_DEPLOYMENT_TARGET = 17.0;
				LOCALIZATION_PREFERS_STRING_CATALOGS = YES;
				MTL_ENABLE_DEBUG_INFO = INCLUDE_SOURCE;
				MTL_FAST_MATH = YES;
				ONLY_ACTIVE_ARCH = YES;
				SDKROOT = iphoneos;
				SWIFT_ACTIVE_COMPILATION_CONDITIONS = "DEBUG $(inherited)";
				SWIFT_OPTIMIZATION_LEVEL = "-Onone";
			};
			name = Debug;
		};
		8651060B2B0F87810011B4A1 /* Release */ = {
			isa = XCBuildConfiguration;
			buildSettings = {
				ALWAYS_SEARCH_USER_PATHS = NO;
				ASSETCATALOG_COMPILER_GENERATE_SWIFT_ASSET_SYMBOL_EXTENSIONS = YES;
				CLANG_ANALYZER_NONNULL = YES;
				CLANG_ANALYZER_NUMBER_OBJECT_CONVERSION = YES_AGGRESSIVE;
				CLANG_CXX_LANGUAGE_STANDARD = "gnu++20";
				CLANG_ENABLE_MODULES = YES;
				CLANG_ENABLE_OBJC_ARC = YES;
				CLANG_ENABLE_OBJC_WEAK = YES;
				CLANG_WARN_BLOCK_CAPTURE_AUTORELEASING = YES;
				CLANG_WARN_BOOL_CONVERSION = YES;
				CLANG_WARN_COMMA = YES;
				CLANG_WARN_CONSTANT_CONVERSION = YES;
				CLANG_WARN_DEPRECATED_OBJC_IMPLEMENTATIONS = YES;
				CLANG_WARN_DIRECT_OBJC_ISA_USAGE = YES_ERROR;
				CLANG_WARN_DOCUMENTATION_COMMENTS = YES;
				CLANG_WARN_EMPTY_BODY = YES;
				CLANG_WARN_ENUM_CONVERSION = YES;
				CLANG_WARN_INFINITE_RECURSION = YES;
				CLANG_WARN_INT_CONVERSION = YES;
				CLANG_WARN_NON_LITERAL_NULL_CONVERSION = YES;
				CLANG_WARN_OBJC_IMPLICIT_RETAIN_SELF = YES;
				CLANG_WARN_OBJC_LITERAL_CONVERSION = YES;
				CLANG_WARN_OBJC_ROOT_CLASS = YES_ERROR;
				CLANG_WARN_QUOTED_INCLUDE_IN_FRAMEWORK_HEADER = YES;
				CLANG_WARN_RANGE_LOOP_ANALYSIS = YES;
				CLANG_WARN_STRICT_PROTOTYPES = YES;
				CLANG_WARN_SUSPICIOUS_MOVE = YES;
				CLANG_WARN_UNGUARDED_AVAILABILITY = YES_AGGRESSIVE;
				CLANG_WARN_UNREACHABLE_CODE = YES;
				CLANG_WARN__DUPLICATE_METHOD_MATCH = YES;
				COPY_PHASE_STRIP = NO;
				DEBUG_INFORMATION_FORMAT = "dwarf-with-dsym";
				ENABLE_NS_ASSERTIONS = NO;
				ENABLE_STRICT_OBJC_MSGSEND = YES;
				ENABLE_USER_SCRIPT_SANDBOXING = YES;
				GCC_C_LANGUAGE_STANDARD = gnu17;
				GCC_NO_COMMON_BLOCKS = YES;
				GCC_WARN_64_TO_32_BIT_CONVERSION = YES;
				GCC_WARN_ABOUT_RETURN_TYPE = YES_ERROR;
				GCC_WARN_UNDECLARED_SELECTOR = YES;
				GCC_WARN_UNINITIALIZED_AUTOS = YES_AGGRESSIVE;
				GCC_WARN_UNUSED_FUNCTION = YES;
				GCC_WARN_UNUSED_VARIABLE = YES;
				IPHONEOS_DEPLOYMENT_TARGET = 17.0;
				LOCALIZATION_PREFERS_STRING_CATALOGS = YES;
				MTL_ENABLE_DEBUG_INFO = NO;
				MTL_FAST_MATH = YES;
				SDKROOT = iphoneos;
				SWIFT_COMPILATION_MODE = wholemodule;
				VALIDATE_PRODUCT = YES;
			};
			name = Release;
		};
		8651060D2B0F87810011B4A1 /* Debug */ = {
			isa = XCBuildConfiguration;
			buildSettings = {
				ASSETCATALOG_COMPILER_APPICON_NAME = AppIcon;
				ASSETCATALOG_COMPILER_GLOBAL_ACCENT_COLOR_NAME = AccentColor;
				CODE_SIGN_STYLE = Automatic;
				CURRENT_PROJECT_VERSION = 1;
				DEVELOPMENT_ASSET_PATHS = "\"GymPulse/Preview Content\"";
				DEVELOPMENT_TEAM = N96T5K2D2H;
				ENABLE_PREVIEWS = YES;
				GENERATE_INFOPLIST_FILE = YES;
				INFOPLIST_KEY_UIApplicationSceneManifest_Generation = YES;
				INFOPLIST_KEY_UIApplicationSupportsIndirectInputEvents = YES;
				INFOPLIST_KEY_UILaunchScreen_Generation = YES;
				INFOPLIST_KEY_UISupportedInterfaceOrientations_iPad = "UIInterfaceOrientationPortrait UIInterfaceOrientationPortraitUpsideDown UIInterfaceOrientationLandscapeLeft UIInterfaceOrientationLandscapeRight";
				INFOPLIST_KEY_UISupportedInterfaceOrientations_iPhone = "UIInterfaceOrientationPortrait UIInterfaceOrientationLandscapeLeft UIInterfaceOrientationLandscapeRight";
				LD_RUNPATH_SEARCH_PATHS = (
					"$(inherited)",
					"@executable_path/Frameworks",
				);
				MARKETING_VERSION = 1.0;
				PRODUCT_BUNDLE_IDENTIFIER = com.twinPaw.GymPulse;
				PRODUCT_NAME = "$(TARGET_NAME)";
				SWIFT_EMIT_LOC_STRINGS = YES;
				SWIFT_VERSION = 5.0;
				TARGETED_DEVICE_FAMILY = "1,2";
			};
			name = Debug;
		};
		8651060E2B0F87810011B4A1 /* Release */ = {
			isa = XCBuildConfiguration;
			buildSettings = {
				ASSETCATALOG_COMPILER_APPICON_NAME = AppIcon;
				ASSETCATALOG_COMPILER_GLOBAL_ACCENT_COLOR_NAME = AccentColor;
				CODE_SIGN_STYLE = Automatic;
				CURRENT_PROJECT_VERSION = 1;
				DEVELOPMENT_ASSET_PATHS = "\"GymPulse/Preview Content\"";
				DEVELOPMENT_TEAM = N96T5K2D2H;
				ENABLE_PREVIEWS = YES;
				GENERATE_INFOPLIST_FILE = YES;
				INFOPLIST_KEY_UIApplicationSceneManifest_Generation = YES;
				INFOPLIST_KEY_UIApplicationSupportsIndirectInputEvents = YES;
				INFOPLIST_KEY_UILaunchScreen_Generation = YES;
				INFOPLIST_KEY_UISupportedInterfaceOrientations_iPad = "UIInterfaceOrientationPortrait UIInterfaceOrientationPortraitUpsideDown UIInterfaceOrientationLandscapeLeft UIInterfaceOrientationLandscapeRight";
				INFOPLIST_KEY_UISupportedInterfaceOrientations_iPhone = "UIInterfaceOrientationPortrait UIInterfaceOrientationLandscapeLeft UIInterfaceOrientationLandscapeRight";
				LD_RUNPATH_SEARCH_PATHS = (
					"$(inherited)",
					"@executable_path/Frameworks",
				);
				MARKETING_VERSION = 1.0;
				PRODUCT_BUNDLE_IDENTIFIER = com.twinPaw.GymPulse;
				PRODUCT_NAME = "$(TARGET_NAME)";
				SWIFT_EMIT_LOC_STRINGS = YES;
				SWIFT_VERSION = 5.0;
				TARGETED_DEVICE_FAMILY = "1,2";
			};
			name = Release;
		};
/* End XCBuildConfiguration section */

/* Begin XCConfigurationList section */
		865105F92B0F877E0011B4A1 /* Build configuration list for PBXProject "GymPulse" */ = {
			isa = XCConfigurationList;
			buildConfigurations = (
				8651060A2B0F87810011B4A1 /* Debug */,
				8651060B2B0F87810011B4A1 /* Release */,
			);
			defaultConfigurationIsVisible = 0;
			defaultConfigurationName = Release;
		};
		8651060C2B0F87810011B4A1 /* Build configuration list for PBXNativeTarget "GymPulse" */ = {
			isa = XCConfigurationList;
			buildConfigurations = (
				8651060D2B0F87810011B4A1 /* Debug */,
				8651060E2B0F87810011B4A1 /* Release */,
			);
			defaultConfigurationIsVisible = 0;
			defaultConfigurationName = Release;
		};
/* End XCConfigurationList section */

/* Begin XCRemoteSwiftPackageReference section */
		865106152B0F8B750011B4A1 /* XCRemoteSwiftPackageReference "firebase-ios-sdk" */ = {
			isa = XCRemoteSwiftPackageReference;
			repositoryURL = "https://github.com/firebase/firebase-ios-sdk";
			requirement = {
				kind = upToNextMajorVersion;
				minimumVersion = 10.18.0;
			};
		};
/* End XCRemoteSwiftPackageReference section */

/* Begin XCSwiftPackageProductDependency section */
		865106162B0F8B750011B4A1 /* FirebaseAnalytics */ = {
			isa = XCSwiftPackageProductDependency;
			package = 865106152B0F8B750011B4A1 /* XCRemoteSwiftPackageReference "firebase-ios-sdk" */;
			productName = FirebaseAnalytics;
		};
		865106182B0F8B750011B4A1 /* FirebaseAnalyticsOnDeviceConversion */ = {
			isa = XCSwiftPackageProductDependency;
			package = 865106152B0F8B750011B4A1 /* XCRemoteSwiftPackageReference "firebase-ios-sdk" */;
			productName = FirebaseAnalyticsOnDeviceConversion;
		};
		8651061A2B0F8B750011B4A1 /* FirebaseAnalyticsSwift */ = {
			isa = XCSwiftPackageProductDependency;
			package = 865106152B0F8B750011B4A1 /* XCRemoteSwiftPackageReference "firebase-ios-sdk" */;
			productName = FirebaseAnalyticsSwift;
		};
		8651061C2B0F8B750011B4A1 /* FirebaseAnalyticsWithoutAdIdSupport */ = {
			isa = XCSwiftPackageProductDependency;
			package = 865106152B0F8B750011B4A1 /* XCRemoteSwiftPackageReference "firebase-ios-sdk" */;
			productName = FirebaseAnalyticsWithoutAdIdSupport;
		};
		8651061E2B0F8B750011B4A1 /* FirebaseAppCheck */ = {
			isa = XCSwiftPackageProductDependency;
			package = 865106152B0F8B750011B4A1 /* XCRemoteSwiftPackageReference "firebase-ios-sdk" */;
			productName = FirebaseAppCheck;
		};
		865106222B0F8BD10011B4A1 /* FirebaseAnalytics */ = {
			isa = XCSwiftPackageProductDependency;
			package = 865106152B0F8B750011B4A1 /* XCRemoteSwiftPackageReference "firebase-ios-sdk" */;
			productName = FirebaseAnalytics;
		};
		865106242B0F8BD10011B4A1 /* FirebaseAnalyticsOnDeviceConversion */ = {
			isa = XCSwiftPackageProductDependency;
			package = 865106152B0F8B750011B4A1 /* XCRemoteSwiftPackageReference "firebase-ios-sdk" */;
			productName = FirebaseAnalyticsOnDeviceConversion;
		};
		865106262B0F8BD10011B4A1 /* FirebaseAnalyticsSwift */ = {
			isa = XCSwiftPackageProductDependency;
			package = 865106152B0F8B750011B4A1 /* XCRemoteSwiftPackageReference "firebase-ios-sdk" */;
			productName = FirebaseAnalyticsSwift;
		};
		865106282B0F8BD10011B4A1 /* FirebaseAnalyticsWithoutAdIdSupport */ = {
			isa = XCSwiftPackageProductDependency;
			package = 865106152B0F8B750011B4A1 /* XCRemoteSwiftPackageReference "firebase-ios-sdk" */;
			productName = FirebaseAnalyticsWithoutAdIdSupport;
		};
		8651062A2B0F8BD10011B4A1 /* FirebaseAppCheck */ = {
			isa = XCSwiftPackageProductDependency;
			package = 865106152B0F8B750011B4A1 /* XCRemoteSwiftPackageReference "firebase-ios-sdk" */;
			productName = FirebaseAppCheck;
		};
		8651062C2B0F8BD10011B4A1 /* FirebaseAppDistribution-Beta */ = {
			isa = XCSwiftPackageProductDependency;
			package = 865106152B0F8B750011B4A1 /* XCRemoteSwiftPackageReference "firebase-ios-sdk" */;
			productName = "FirebaseAppDistribution-Beta";
		};
		8651062E2B0F8BD10011B4A1 /* FirebaseAuth */ = {
			isa = XCSwiftPackageProductDependency;
			package = 865106152B0F8B750011B4A1 /* XCRemoteSwiftPackageReference "firebase-ios-sdk" */;
			productName = FirebaseAuth;
		};
		865106302B0F8BD10011B4A1 /* FirebaseAuthCombine-Community */ = {
			isa = XCSwiftPackageProductDependency;
			package = 865106152B0F8B750011B4A1 /* XCRemoteSwiftPackageReference "firebase-ios-sdk" */;
			productName = "FirebaseAuthCombine-Community";
		};
		865106322B0F8BD10011B4A1 /* FirebaseCrashlytics */ = {
			isa = XCSwiftPackageProductDependency;
			package = 865106152B0F8B750011B4A1 /* XCRemoteSwiftPackageReference "firebase-ios-sdk" */;
			productName = FirebaseCrashlytics;
		};
		865106342B0F8BD10011B4A1 /* FirebaseDatabase */ = {
			isa = XCSwiftPackageProductDependency;
			package = 865106152B0F8B750011B4A1 /* XCRemoteSwiftPackageReference "firebase-ios-sdk" */;
			productName = FirebaseDatabase;
		};
		865106362B0F8BD10011B4A1 /* FirebaseDatabaseSwift */ = {
			isa = XCSwiftPackageProductDependency;
			package = 865106152B0F8B750011B4A1 /* XCRemoteSwiftPackageReference "firebase-ios-sdk" */;
			productName = FirebaseDatabaseSwift;
		};
		865106382B0F8BD10011B4A1 /* FirebaseDynamicLinks */ = {
			isa = XCSwiftPackageProductDependency;
			package = 865106152B0F8B750011B4A1 /* XCRemoteSwiftPackageReference "firebase-ios-sdk" */;
			productName = FirebaseDynamicLinks;
		};
		8651063A2B0F8BD10011B4A1 /* FirebaseFirestore */ = {
			isa = XCSwiftPackageProductDependency;
			package = 865106152B0F8B750011B4A1 /* XCRemoteSwiftPackageReference "firebase-ios-sdk" */;
			productName = FirebaseFirestore;
		};
		8651063C2B0F8BD10011B4A1 /* FirebaseFirestoreCombine-Community */ = {
			isa = XCSwiftPackageProductDependency;
			package = 865106152B0F8B750011B4A1 /* XCRemoteSwiftPackageReference "firebase-ios-sdk" */;
			productName = "FirebaseFirestoreCombine-Community";
		};
		8651063E2B0F8BD10011B4A1 /* FirebaseFirestoreSwift */ = {
			isa = XCSwiftPackageProductDependency;
			package = 865106152B0F8B750011B4A1 /* XCRemoteSwiftPackageReference "firebase-ios-sdk" */;
			productName = FirebaseFirestoreSwift;
		};
		865106402B0F8BD10011B4A1 /* FirebaseFunctions */ = {
			isa = XCSwiftPackageProductDependency;
			package = 865106152B0F8B750011B4A1 /* XCRemoteSwiftPackageReference "firebase-ios-sdk" */;
			productName = FirebaseFunctions;
		};
		865106422B0F8BD10011B4A1 /* FirebaseFunctionsCombine-Community */ = {
			isa = XCSwiftPackageProductDependency;
			package = 865106152B0F8B750011B4A1 /* XCRemoteSwiftPackageReference "firebase-ios-sdk" */;
			productName = "FirebaseFunctionsCombine-Community";
		};
		865106442B0F8BD10011B4A1 /* FirebaseInAppMessaging-Beta */ = {
			isa = XCSwiftPackageProductDependency;
			package = 865106152B0F8B750011B4A1 /* XCRemoteSwiftPackageReference "firebase-ios-sdk" */;
			productName = "FirebaseInAppMessaging-Beta";
		};
		865106462B0F8BD10011B4A1 /* FirebaseInAppMessagingSwift-Beta */ = {
			isa = XCSwiftPackageProductDependency;
			package = 865106152B0F8B750011B4A1 /* XCRemoteSwiftPackageReference "firebase-ios-sdk" */;
			productName = "FirebaseInAppMessagingSwift-Beta";
		};
		865106482B0F8BD10011B4A1 /* FirebaseInstallations */ = {
			isa = XCSwiftPackageProductDependency;
			package = 865106152B0F8B750011B4A1 /* XCRemoteSwiftPackageReference "firebase-ios-sdk" */;
			productName = FirebaseInstallations;
		};
		8651064A2B0F8BD10011B4A1 /* FirebaseMLModelDownloader */ = {
			isa = XCSwiftPackageProductDependency;
			package = 865106152B0F8B750011B4A1 /* XCRemoteSwiftPackageReference "firebase-ios-sdk" */;
			productName = FirebaseMLModelDownloader;
		};
		8651064C2B0F8BD10011B4A1 /* FirebaseMessaging */ = {
			isa = XCSwiftPackageProductDependency;
			package = 865106152B0F8B750011B4A1 /* XCRemoteSwiftPackageReference "firebase-ios-sdk" */;
			productName = FirebaseMessaging;
		};
		8651064E2B0F8BD10011B4A1 /* FirebasePerformance */ = {
			isa = XCSwiftPackageProductDependency;
			package = 865106152B0F8B750011B4A1 /* XCRemoteSwiftPackageReference "firebase-ios-sdk" */;
			productName = FirebasePerformance;
		};
		865106502B0F8BD10011B4A1 /* FirebaseRemoteConfig */ = {
			isa = XCSwiftPackageProductDependency;
			package = 865106152B0F8B750011B4A1 /* XCRemoteSwiftPackageReference "firebase-ios-sdk" */;
			productName = FirebaseRemoteConfig;
		};
		865106522B0F8BD10011B4A1 /* FirebaseRemoteConfigSwift */ = {
			isa = XCSwiftPackageProductDependency;
			package = 865106152B0F8B750011B4A1 /* XCRemoteSwiftPackageReference "firebase-ios-sdk" */;
			productName = FirebaseRemoteConfigSwift;
		};
		865106542B0F8BD10011B4A1 /* FirebaseStorage */ = {
			isa = XCSwiftPackageProductDependency;
			package = 865106152B0F8B750011B4A1 /* XCRemoteSwiftPackageReference "firebase-ios-sdk" */;
			productName = FirebaseStorage;
		};
		865106562B0F8BD10011B4A1 /* FirebaseStorageCombine-Community */ = {
			isa = XCSwiftPackageProductDependency;
			package = 865106152B0F8B750011B4A1 /* XCRemoteSwiftPackageReference "firebase-ios-sdk" */;
			productName = "FirebaseStorageCombine-Community";
		};
/* End XCSwiftPackageProductDependency section */
	};
	rootObject = 865105F62B0F877E0011B4A1 /* Project object */;
}
